
Microsoft Visual Studio Solution File, Format Version 12.00
# Visual Studio Version 16
VisualStudioVersion = 16.0.31321.278
MinimumVisualStudioVersion = 10.0.40219.1
Project("{FAE04EC0-301F-11D3-BF4B-00C04F79EFBC}") = "ErogeCraft", "ErogeCraft\ErogeCraft.csproj", "{934B9E28-B55F-4B2A-8629-F5783271EF32}"
EndProject
Global
	GlobalSection(SolutionConfigurationPlatforms) = preSolution
		Debug|Any CPU = Debug|Any CPU
		Release|Any CPU = Release|Any CPU
	EndGlobalSection
	GlobalSection(ProjectConfigurationPlatforms) = postSolution
		{934B9E28-B55F-4B2A-8629-F5783271EF32}.Debug|Any CPU.ActiveCfg = Debug|Any CPU
		{934B9E28-B55F-4B2A-8629-F5783271EF32}.Debug|Any CPU.Build.0 = Debug|Any CPU
		{934B9E28-B55F-4B2A-8629-F5783271EF32}.Release|Any CPU.ActiveCfg = Release|Any CPU
		{934B9E28-B55F-4B2A-8629-F5783271EF32}.Release|Any CPU.Build.0 = Release|Any CPU
	EndGlobalSection
	GlobalSection(SolutionProperties) = preSolution
		HideSolutionNode = FALSE
	EndGlobalSection
	GlobalSection(ExtensibilityGlobals) = postSolution
		SolutionGuid = {D4BE8380-C2BA-4E1D-BA40-EF61A1316FF9}
	EndGlobalSection
EndGlobal
